// !$*UTF8*$!
{
	archiveVersion = 1;
	classes = {
	};
	objectVersion = 56;
	objects = {

/* Begin PBXBuildFile section */
		3503AB302B402D72003C535C /* VsView.swift in Sources */ = {isa = PBXBuildFile; fileRef = 3503AB2F2B402D72003C535C /* VsView.swift */; };
		3503AB332B403907003C535C /* PlayersVsView.swift in Sources */ = {isa = PBXBuildFile; fileRef = 3503AB322B403907003C535C /* PlayersVsView.swift */; };
		3503AB352B403B26003C535C /* FilaPlayerVsView.swift in Sources */ = {isa = PBXBuildFile; fileRef = 3503AB342B403B26003C535C /* FilaPlayerVsView.swift */; };
		350F584B2B474D0D0064ECF2 /* WinnerVsView.swift in Sources */ = {isa = PBXBuildFile; fileRef = 350F584A2B474D0D0064ECF2 /* WinnerVsView.swift */; };
		355C79A82B4AEB560091CDBC /* BienvenidaView.swift in Sources */ = {isa = PBXBuildFile; fileRef = 355C79A72B4AEB560091CDBC /* BienvenidaView.swift */; };
		355C79A92B4AEB560091CDBC /* BienvenidaView.swift in Sources */ = {isa = PBXBuildFile; fileRef = 355C79A72B4AEB560091CDBC /* BienvenidaView.swift */; };
		355C79AB2B4B25320091CDBC /* HistoryVsView.swift in Sources */ = {isa = PBXBuildFile; fileRef = 355C79AA2B4B25320091CDBC /* HistoryVsView.swift */; };
		355C79AC2B4B25320091CDBC /* HistoryVsView.swift in Sources */ = {isa = PBXBuildFile; fileRef = 355C79AA2B4B25320091CDBC /* HistoryVsView.swift */; };
		355DCAC72B0BB0C800C1BE54 /* ProyectoLPSApp.swift in Sources */ = {isa = PBXBuildFile; fileRef = 355DCAC62B0BB0C800C1BE54 /* ProyectoLPSApp.swift */; };
		355DCACB2B0BB0CF00C1BE54 /* Assets.xcassets in Resources */ = {isa = PBXBuildFile; fileRef = 355DCACA2B0BB0CF00C1BE54 /* Assets.xcassets */; };
		355DCACE2B0BB0CF00C1BE54 /* Preview Assets.xcassets in Resources */ = {isa = PBXBuildFile; fileRef = 355DCACD2B0BB0CF00C1BE54 /* Preview Assets.xcassets */; };
		355DCAD72B0BB11400C1BE54 /* ProyectoLPSModel.xcdatamodeld in Sources */ = {isa = PBXBuildFile; fileRef = 355DCAD52B0BB11400C1BE54 /* ProyectoLPSModel.xcdatamodeld */; };
		355DCADF2B0BBDEC00C1BE54 /* MainView.swift in Sources */ = {isa = PBXBuildFile; fileRef = 355DCADE2B0BBDEC00C1BE54 /* MainView.swift */; };
		355DCAE32B0BBE8F00C1BE54 /* CoreDataManager.swift in Sources */ = {isa = PBXBuildFile; fileRef = 355DCAE22B0BBE8F00C1BE54 /* CoreDataManager.swift */; };
		355DCAE52B0BBF8C00C1BE54 /* ViewModel.swift in Sources */ = {isa = PBXBuildFile; fileRef = 355DCAE42B0BBF8C00C1BE54 /* ViewModel.swift */; };
		355DCAE72B0BC76A00C1BE54 /* ImagePicker.swift in Sources */ = {isa = PBXBuildFile; fileRef = 355DCAE62B0BC76A00C1BE54 /* ImagePicker.swift */; };
		355DCAE92B0BC7AA00C1BE54 /* LoginView.swift in Sources */ = {isa = PBXBuildFile; fileRef = 355DCAE82B0BC7AA00C1BE54 /* LoginView.swift */; };
		355DCAEB2B0BC7D200C1BE54 /* RegisterView.swift in Sources */ = {isa = PBXBuildFile; fileRef = 355DCAEA2B0BC7D200C1BE54 /* RegisterView.swift */; };
		355DCAED2B0BC80C00C1BE54 /* HomeView.swift in Sources */ = {isa = PBXBuildFile; fileRef = 355DCAEC2B0BC80C00C1BE54 /* HomeView.swift */; };
		355DCAEF2B0BC82700C1BE54 /* TeamsView.swift in Sources */ = {isa = PBXBuildFile; fileRef = 355DCAEE2B0BC82700C1BE54 /* TeamsView.swift */; };
		355DCAF32B0BC86C00C1BE54 /* PlayersView.swift in Sources */ = {isa = PBXBuildFile; fileRef = 355DCAF22B0BC86C00C1BE54 /* PlayersView.swift */; };
		355DCAF52B0BCB6000C1BE54 /* ProfileView.swift in Sources */ = {isa = PBXBuildFile; fileRef = 355DCAF42B0BCB6000C1BE54 /* ProfileView.swift */; };
		3564D1882B4723D20079D23E /* result.csv in Resources */ = {isa = PBXBuildFile; fileRef = 3564D1872B4723D20079D23E /* result.csv */; };
		3593B2E72B27699800305621 /* EstadisticaView.swift in Sources */ = {isa = PBXBuildFile; fileRef = 3593B2E62B27699800305621 /* EstadisticaView.swift */; };
		35B5AE4B2B498E2D00599FB3 /* FetchModel.swift in Sources */ = {isa = PBXBuildFile; fileRef = 35C6A3132B14FF990079FB18 /* FetchModel.swift */; };
		35B5AE4C2B498E2D00599FB3 /* HomeView.swift in Sources */ = {isa = PBXBuildFile; fileRef = 355DCAEC2B0BC80C00C1BE54 /* HomeView.swift */; };
		35B5AE4D2B498E2D00599FB3 /* ViewModel.swift in Sources */ = {isa = PBXBuildFile; fileRef = 355DCAE42B0BBF8C00C1BE54 /* ViewModel.swift */; };
		35B5AE4E2B498E2D00599FB3 /* LoginView.swift in Sources */ = {isa = PBXBuildFile; fileRef = 355DCAE82B0BC7AA00C1BE54 /* LoginView.swift */; };
		35B5AE4F2B498E2D00599FB3 /* TeamsView.swift in Sources */ = {isa = PBXBuildFile; fileRef = 355DCAEE2B0BC82700C1BE54 /* TeamsView.swift */; };
		35B5AE502B498E2D00599FB3 /* ProfileView.swift in Sources */ = {isa = PBXBuildFile; fileRef = 355DCAF42B0BCB6000C1BE54 /* ProfileView.swift */; };
		35B5AE512B498E2D00599FB3 /* ProyectoLPSModel.xcdatamodeld in Sources */ = {isa = PBXBuildFile; fileRef = 355DCAD52B0BB11400C1BE54 /* ProyectoLPSModel.xcdatamodeld */; };
		35B5AE522B498E2D00599FB3 /* MainView.swift in Sources */ = {isa = PBXBuildFile; fileRef = 355DCADE2B0BBDEC00C1BE54 /* MainView.swift */; };
		35B5AE532B498E2D00599FB3 /* WinnerVsView.swift in Sources */ = {isa = PBXBuildFile; fileRef = 350F584A2B474D0D0064ECF2 /* WinnerVsView.swift */; };
		35B5AE542B498E2D00599FB3 /* ImagePicker.swift in Sources */ = {isa = PBXBuildFile; fileRef = 355DCAE62B0BC76A00C1BE54 /* ImagePicker.swift */; };
		35B5AE552B498E2D00599FB3 /* RegisterView.swift in Sources */ = {isa = PBXBuildFile; fileRef = 355DCAEA2B0BC7D200C1BE54 /* RegisterView.swift */; };
		35B5AE562B498E2D00599FB3 /* FilaPlayerVsView.swift in Sources */ = {isa = PBXBuildFile; fileRef = 3503AB342B403B26003C535C /* FilaPlayerVsView.swift */; };
		35B5AE572B498E2D00599FB3 /* CoreDataManager.swift in Sources */ = {isa = PBXBuildFile; fileRef = 355DCAE22B0BBE8F00C1BE54 /* CoreDataManager.swift */; };
		35B5AE582B498E2D00599FB3 /* VsView.swift in Sources */ = {isa = PBXBuildFile; fileRef = 3503AB2F2B402D72003C535C /* VsView.swift */; };
		35B5AE592B498E2D00599FB3 /* PlayersView.swift in Sources */ = {isa = PBXBuildFile; fileRef = 355DCAF22B0BC86C00C1BE54 /* PlayersView.swift */; };
		35B5AE5A2B498E2D00599FB3 /* StatsView.swift in Sources */ = {isa = PBXBuildFile; fileRef = 35DEB0582B45D31F005E28F8 /* StatsView.swift */; };
		35B5AE5B2B498E2D00599FB3 /* PlayersVsView.swift in Sources */ = {isa = PBXBuildFile; fileRef = 3503AB322B403907003C535C /* PlayersVsView.swift */; };
		35B5AE5C2B498E2D00599FB3 /* FilaPlayerView.swift in Sources */ = {isa = PBXBuildFile; fileRef = 35C6A3152B1503250079FB18 /* FilaPlayerView.swift */; };
		35B5AE5D2B498E2D00599FB3 /* EstadisticaView.swift in Sources */ = {isa = PBXBuildFile; fileRef = 3593B2E62B27699800305621 /* EstadisticaView.swift */; };
		35B5AE5E2B498E2D00599FB3 /* ProyectoLPSApp.swift in Sources */ = {isa = PBXBuildFile; fileRef = 355DCAC62B0BB0C800C1BE54 /* ProyectoLPSApp.swift */; };
		35B5AE612B498E2D00599FB3 /* Preview Assets.xcassets in Resources */ = {isa = PBXBuildFile; fileRef = 355DCACD2B0BB0CF00C1BE54 /* Preview Assets.xcassets */; };
		35B5AE622B498E2D00599FB3 /* Assets.xcassets in Resources */ = {isa = PBXBuildFile; fileRef = 355DCACA2B0BB0CF00C1BE54 /* Assets.xcassets */; };
		35B5AE632B498E2D00599FB3 /* result.csv in Resources */ = {isa = PBXBuildFile; fileRef = 3564D1872B4723D20079D23E /* result.csv */; };
		35B5AE692B49BF0B00599FB3 /* PlayerDetailView.swift in Sources */ = {isa = PBXBuildFile; fileRef = 35B5AE682B49BF0B00599FB3 /* PlayerDetailView.swift */; };
		35B5AE6A2B49BF0B00599FB3 /* PlayerDetailView.swift in Sources */ = {isa = PBXBuildFile; fileRef = 35B5AE682B49BF0B00599FB3 /* PlayerDetailView.swift */; };
		35C6A3142B14FF990079FB18 /* FetchModel.swift in Sources */ = {isa = PBXBuildFile; fileRef = 35C6A3132B14FF990079FB18 /* FetchModel.swift */; };
		35C6A3162B1503250079FB18 /* FilaPlayerView.swift in Sources */ = {isa = PBXBuildFile; fileRef = 35C6A3152B1503250079FB18 /* FilaPlayerView.swift */; };
		35DEB0592B45D31F005E28F8 /* StatsView.swift in Sources */ = {isa = PBXBuildFile; fileRef = 35DEB0582B45D31F005E28F8 /* StatsView.swift */; };
/* End PBXBuildFile section */

/* Begin PBXFileReference section */
		3503AB2F2B402D72003C535C /* VsView.swift */ = {isa = PBXFileReference; lastKnownFileType = sourcecode.swift; path = VsView.swift; sourceTree = "<group>"; };
		3503AB322B403907003C535C /* PlayersVsView.swift */ = {isa = PBXFileReference; lastKnownFileType = sourcecode.swift; path = PlayersVsView.swift; sourceTree = "<group>"; };
		3503AB342B403B26003C535C /* FilaPlayerVsView.swift */ = {isa = PBXFileReference; lastKnownFileType = sourcecode.swift; path = FilaPlayerVsView.swift; sourceTree = "<group>"; };
		350F584A2B474D0D0064ECF2 /* WinnerVsView.swift */ = {isa = PBXFileReference; lastKnownFileType = sourcecode.swift; path = WinnerVsView.swift; sourceTree = "<group>"; };
		355C79A72B4AEB560091CDBC /* BienvenidaView.swift */ = {isa = PBXFileReference; lastKnownFileType = sourcecode.swift; path = BienvenidaView.swift; sourceTree = "<group>"; };
		355C79AA2B4B25320091CDBC /* HistoryVsView.swift */ = {isa = PBXFileReference; lastKnownFileType = sourcecode.swift; path = HistoryVsView.swift; sourceTree = "<group>"; };
		355DCAC32B0BB0C800C1BE54 /* LPS1.app */ = {isa = PBXFileReference; explicitFileType = wrapper.application; includeInIndex = 0; path = LPS1.app; sourceTree = BUILT_PRODUCTS_DIR; };
		355DCAC62B0BB0C800C1BE54 /* ProyectoLPSApp.swift */ = {isa = PBXFileReference; lastKnownFileType = sourcecode.swift; path = ProyectoLPSApp.swift; sourceTree = "<group>"; };
		355DCACA2B0BB0CF00C1BE54 /* Assets.xcassets */ = {isa = PBXFileReference; lastKnownFileType = folder.assetcatalog; path = Assets.xcassets; sourceTree = "<group>"; };
		355DCACD2B0BB0CF00C1BE54 /* Preview Assets.xcassets */ = {isa = PBXFileReference; lastKnownFileType = folder.assetcatalog; path = "Preview Assets.xcassets"; sourceTree = "<group>"; };
		355DCAD62B0BB11400C1BE54 /* ProyectoLPSModel.xcdatamodel */ = {isa = PBXFileReference; lastKnownFileType = wrapper.xcdatamodel; path = ProyectoLPSModel.xcdatamodel; sourceTree = "<group>"; };
		355DCADE2B0BBDEC00C1BE54 /* MainView.swift */ = {isa = PBXFileReference; lastKnownFileType = sourcecode.swift; path = MainView.swift; sourceTree = "<group>"; };
		355DCAE22B0BBE8F00C1BE54 /* CoreDataManager.swift */ = {isa = PBXFileReference; lastKnownFileType = sourcecode.swift; path = CoreDataManager.swift; sourceTree = "<group>"; };
		355DCAE42B0BBF8C00C1BE54 /* ViewModel.swift */ = {isa = PBXFileReference; lastKnownFileType = sourcecode.swift; path = ViewModel.swift; sourceTree = "<group>"; };
		355DCAE62B0BC76A00C1BE54 /* ImagePicker.swift */ = {isa = PBXFileReference; lastKnownFileType = sourcecode.swift; path = ImagePicker.swift; sourceTree = "<group>"; };
		355DCAE82B0BC7AA00C1BE54 /* LoginView.swift */ = {isa = PBXFileReference; lastKnownFileType = sourcecode.swift; path = LoginView.swift; sourceTree = "<group>"; };
		355DCAEA2B0BC7D200C1BE54 /* RegisterView.swift */ = {isa = PBXFileReference; lastKnownFileType = sourcecode.swift; path = RegisterView.swift; sourceTree = "<group>"; };
		355DCAEC2B0BC80C00C1BE54 /* HomeView.swift */ = {isa = PBXFileReference; lastKnownFileType = sourcecode.swift; path = HomeView.swift; sourceTree = "<group>"; };
		355DCAEE2B0BC82700C1BE54 /* TeamsView.swift */ = {isa = PBXFileReference; lastKnownFileType = sourcecode.swift; path = TeamsView.swift; sourceTree = "<group>"; };
		355DCAF22B0BC86C00C1BE54 /* PlayersView.swift */ = {isa = PBXFileReference; lastKnownFileType = sourcecode.swift; path = PlayersView.swift; sourceTree = "<group>"; };
		355DCAF42B0BCB6000C1BE54 /* ProfileView.swift */ = {isa = PBXFileReference; lastKnownFileType = sourcecode.swift; path = ProfileView.swift; sourceTree = "<group>"; };
		3564D1872B4723D20079D23E /* result.csv */ = {isa = PBXFileReference; fileEncoding = 4; lastKnownFileType = text; path = result.csv; sourceTree = "<group>"; };
		3593B2E62B27699800305621 /* EstadisticaView.swift */ = {isa = PBXFileReference; lastKnownFileType = sourcecode.swift; path = EstadisticaView.swift; sourceTree = "<group>"; };
		35B5AE672B498E2D00599FB3 /* LPS2.app */ = {isa = PBXFileReference; explicitFileType = wrapper.application; includeInIndex = 0; path = LPS2.app; sourceTree = BUILT_PRODUCTS_DIR; };
		35B5AE682B49BF0B00599FB3 /* PlayerDetailView.swift */ = {isa = PBXFileReference; lastKnownFileType = sourcecode.swift; path = PlayerDetailView.swift; sourceTree = "<group>"; };
		35C6A3132B14FF990079FB18 /* FetchModel.swift */ = {isa = PBXFileReference; lastKnownFileType = sourcecode.swift; path = FetchModel.swift; sourceTree = "<group>"; };
		35C6A3152B1503250079FB18 /* FilaPlayerView.swift */ = {isa = PBXFileReference; lastKnownFileType = sourcecode.swift; path = FilaPlayerView.swift; sourceTree = "<group>"; };
		35DEB0582B45D31F005E28F8 /* StatsView.swift */ = {isa = PBXFileReference; lastKnownFileType = sourcecode.swift; path = StatsView.swift; sourceTree = "<group>"; };
/* End PBXFileReference section */

/* Begin PBXFrameworksBuildPhase section */
		355DCAC02B0BB0C800C1BE54 /* Frameworks */ = {
			isa = PBXFrameworksBuildPhase;
			buildActionMask = 2147483647;
			files = (
			);
			runOnlyForDeploymentPostprocessing = 0;
		};
		35B5AE5F2B498E2D00599FB3 /* Frameworks */ = {
			isa = PBXFrameworksBuildPhase;
			buildActionMask = 2147483647;
			files = (
			);
			runOnlyForDeploymentPostprocessing = 0;
		};
/* End PBXFrameworksBuildPhase section */

/* Begin PBXGroup section */
		3503AB312B402F3A003C535C /* Versus */ = {
			isa = PBXGroup;
			children = (
				3503AB2F2B402D72003C535C /* VsView.swift */,
				3503AB322B403907003C535C /* PlayersVsView.swift */,
				3503AB342B403B26003C535C /* FilaPlayerVsView.swift */,
				350F584A2B474D0D0064ECF2 /* WinnerVsView.swift */,
				355C79AA2B4B25320091CDBC /* HistoryVsView.swift */,
			);
			path = Versus;
			sourceTree = "<group>";
		};
		355DCABA2B0BB0C700C1BE54 = {
			isa = PBXGroup;
			children = (
				3564D1872B4723D20079D23E /* result.csv */,
				35C6A3122B14FF760079FB18 /* FetchModel */,
				355DCAD92B0BBD0300C1BE54 /* ViewModel */,
				355DCAD82B0BBCF700C1BE54 /* Extensiones */,
				355DCAD42B0BB0E100C1BE54 /* Model */,
				355DCAC52B0BB0C800C1BE54 /* ProyectoLPS */,
				355DCAC42B0BB0C800C1BE54 /* Products */,
			);
			sourceTree = "<group>";
		};
		355DCAC42B0BB0C800C1BE54 /* Products */ = {
			isa = PBXGroup;
			children = (
				355DCAC32B0BB0C800C1BE54 /* LPS1.app */,
				35B5AE672B498E2D00599FB3 /* LPS2.app */,
			);
			name = Products;
			sourceTree = "<group>";
		};
		355DCAC52B0BB0C800C1BE54 /* ProyectoLPS */ = {
			isa = PBXGroup;
			children = (
				355DCADA2B0BBD3400C1BE54 /* Views */,
				355DCAC62B0BB0C800C1BE54 /* ProyectoLPSApp.swift */,
				355DCADE2B0BBDEC00C1BE54 /* MainView.swift */,
				355DCACA2B0BB0CF00C1BE54 /* Assets.xcassets */,
				355DCACC2B0BB0CF00C1BE54 /* Preview Content */,
				35DEB0582B45D31F005E28F8 /* StatsView.swift */,
			);
			path = ProyectoLPS;
			sourceTree = "<group>";
		};
		355DCACC2B0BB0CF00C1BE54 /* Preview Content */ = {
			isa = PBXGroup;
			children = (
				355DCACD2B0BB0CF00C1BE54 /* Preview Assets.xcassets */,
			);
			path = "Preview Content";
			sourceTree = "<group>";
		};
		355DCAD42B0BB0E100C1BE54 /* Model */ = {
			isa = PBXGroup;
			children = (
				355DCAD52B0BB11400C1BE54 /* ProyectoLPSModel.xcdatamodeld */,
			);
			path = Model;
			sourceTree = "<group>";
		};
		355DCAD82B0BBCF700C1BE54 /* Extensiones */ = {
			isa = PBXGroup;
			children = (
				355DCAE62B0BC76A00C1BE54 /* ImagePicker.swift */,
			);
			path = Extensiones;
			sourceTree = "<group>";
		};
		355DCAD92B0BBD0300C1BE54 /* ViewModel */ = {
			isa = PBXGroup;
			children = (
				355DCAE22B0BBE8F00C1BE54 /* CoreDataManager.swift */,
				355DCAE42B0BBF8C00C1BE54 /* ViewModel.swift */,
			);
			path = ViewModel;
			sourceTree = "<group>";
		};
		355DCADA2B0BBD3400C1BE54 /* Views */ = {
			isa = PBXGroup;
			children = (
				3503AB312B402F3A003C535C /* Versus */,
				355DCADB2B0BBD5800C1BE54 /* LoginRegister */,
				355DCAEC2B0BC80C00C1BE54 /* HomeView.swift */,
				355DCAEE2B0BC82700C1BE54 /* TeamsView.swift */,
				355DCAF22B0BC86C00C1BE54 /* PlayersView.swift */,
				355DCAF42B0BCB6000C1BE54 /* ProfileView.swift */,
				35C6A3152B1503250079FB18 /* FilaPlayerView.swift */,
				3593B2E62B27699800305621 /* EstadisticaView.swift */,
				35B5AE682B49BF0B00599FB3 /* PlayerDetailView.swift */,
				355C79A72B4AEB560091CDBC /* BienvenidaView.swift */,
			);
			path = Views;
			sourceTree = "<group>";
		};
		355DCADB2B0BBD5800C1BE54 /* LoginRegister */ = {
			isa = PBXGroup;
			children = (
				355DCAE82B0BC7AA00C1BE54 /* LoginView.swift */,
				355DCAEA2B0BC7D200C1BE54 /* RegisterView.swift */,
			);
			path = LoginRegister;
			sourceTree = "<group>";
		};
		35C6A3122B14FF760079FB18 /* FetchModel */ = {
			isa = PBXGroup;
			children = (
				35C6A3132B14FF990079FB18 /* FetchModel.swift */,
			);
			path = FetchModel;
			sourceTree = "<group>";
		};
/* End PBXGroup section */

/* Begin PBXNativeTarget section */
		355DCAC22B0BB0C800C1BE54 /* LPS1 */ = {
			isa = PBXNativeTarget;
			buildConfigurationList = 355DCAD12B0BB0CF00C1BE54 /* Build configuration list for PBXNativeTarget "LPS1" */;
			buildPhases = (
				355DCABF2B0BB0C800C1BE54 /* Sources */,
				355DCAC02B0BB0C800C1BE54 /* Frameworks */,
				355DCAC12B0BB0C800C1BE54 /* Resources */,
			);
			buildRules = (
			);
			dependencies = (
			);
			name = LPS1;
			productName = ProyectoLPS;
			productReference = 355DCAC32B0BB0C800C1BE54 /* LPS1.app */;
			productType = "com.apple.product-type.application";
		};
		35B5AE492B498E2D00599FB3 /* LPS2 */ = {
			isa = PBXNativeTarget;
			buildConfigurationList = 35B5AE642B498E2D00599FB3 /* Build configuration list for PBXNativeTarget "LPS2" */;
			buildPhases = (
				35B5AE4A2B498E2D00599FB3 /* Sources */,
				35B5AE5F2B498E2D00599FB3 /* Frameworks */,
				35B5AE602B498E2D00599FB3 /* Resources */,
			);
			buildRules = (
			);
			dependencies = (
			);
			name = LPS2;
			productName = ProyectoLPS;
			productReference = 35B5AE672B498E2D00599FB3 /* LPS2.app */;
			productType = "com.apple.product-type.application";
		};
/* End PBXNativeTarget section */

/* Begin PBXProject section */
		355DCABB2B0BB0C700C1BE54 /* Project object */ = {
			isa = PBXProject;
			attributes = {
				BuildIndependentTargetsInParallel = 1;
				LastSwiftUpdateCheck = 1430;
				LastUpgradeCheck = 1430;
				TargetAttributes = {
					355DCAC22B0BB0C800C1BE54 = {
						CreatedOnToolsVersion = 14.3.1;
					};
				};
			};
			buildConfigurationList = 355DCABE2B0BB0C700C1BE54 /* Build configuration list for PBXProject "ProyectoLPS" */;
			compatibilityVersion = "Xcode 14.0";
			developmentRegion = en;
			hasScannedForEncodings = 0;
			knownRegions = (
				en,
				Base,
			);
			mainGroup = 355DCABA2B0BB0C700C1BE54;
			productRefGroup = 355DCAC42B0BB0C800C1BE54 /* Products */;
			projectDirPath = "";
			projectRoot = "";
			targets = (
				355DCAC22B0BB0C800C1BE54 /* LPS1 */,
				35B5AE492B498E2D00599FB3 /* LPS2 */,
			);
		};
/* End PBXProject section */

/* Begin PBXResourcesBuildPhase section */
		355DCAC12B0BB0C800C1BE54 /* Resources */ = {
			isa = PBXResourcesBuildPhase;
			buildActionMask = 2147483647;
			files = (
				355DCACE2B0BB0CF00C1BE54 /* Preview Assets.xcassets in Resources */,
				355DCACB2B0BB0CF00C1BE54 /* Assets.xcassets in Resources */,
				3564D1882B4723D20079D23E /* result.csv in Resources */,
			);
			runOnlyForDeploymentPostprocessing = 0;
		};
		35B5AE602B498E2D00599FB3 /* Resources */ = {
			isa = PBXResourcesBuildPhase;
			buildActionMask = 2147483647;
			files = (
				35B5AE612B498E2D00599FB3 /* Preview Assets.xcassets in Resources */,
				35B5AE622B498E2D00599FB3 /* Assets.xcassets in Resources */,
				35B5AE632B498E2D00599FB3 /* result.csv in Resources */,
			);
			runOnlyForDeploymentPostprocessing = 0;
		};
/* End PBXResourcesBuildPhase section */

/* Begin PBXSourcesBuildPhase section */
		355DCABF2B0BB0C800C1BE54 /* Sources */ = {
			isa = PBXSourcesBuildPhase;
			buildActionMask = 2147483647;
			files = (
				35C6A3142B14FF990079FB18 /* FetchModel.swift in Sources */,
				355C79A82B4AEB560091CDBC /* BienvenidaView.swift in Sources */,
				355DCAED2B0BC80C00C1BE54 /* HomeView.swift in Sources */,
				355DCAE52B0BBF8C00C1BE54 /* ViewModel.swift in Sources */,
				355DCAE92B0BC7AA00C1BE54 /* LoginView.swift in Sources */,
				355DCAEF2B0BC82700C1BE54 /* TeamsView.swift in Sources */,
				355DCAF52B0BCB6000C1BE54 /* ProfileView.swift in Sources */,
				355C79AB2B4B25320091CDBC /* HistoryVsView.swift in Sources */,
				355DCAD72B0BB11400C1BE54 /* ProyectoLPSModel.xcdatamodeld in Sources */,
				355DCADF2B0BBDEC00C1BE54 /* MainView.swift in Sources */,
				350F584B2B474D0D0064ECF2 /* WinnerVsView.swift in Sources */,
				355DCAE72B0BC76A00C1BE54 /* ImagePicker.swift in Sources */,
				355DCAEB2B0BC7D200C1BE54 /* RegisterView.swift in Sources */,
				3503AB352B403B26003C535C /* FilaPlayerVsView.swift in Sources */,
				355DCAE32B0BBE8F00C1BE54 /* CoreDataManager.swift in Sources */,
				3503AB302B402D72003C535C /* VsView.swift in Sources */,
				355DCAF32B0BC86C00C1BE54 /* PlayersView.swift in Sources */,
				35DEB0592B45D31F005E28F8 /* StatsView.swift in Sources */,
				35B5AE692B49BF0B00599FB3 /* PlayerDetailView.swift in Sources */,
				3503AB332B403907003C535C /* PlayersVsView.swift in Sources */,
				35C6A3162B1503250079FB18 /* FilaPlayerView.swift in Sources */,
				3593B2E72B27699800305621 /* EstadisticaView.swift in Sources */,
				355DCAC72B0BB0C800C1BE54 /* ProyectoLPSApp.swift in Sources */,
			);
			runOnlyForDeploymentPostprocessing = 0;
		};
		35B5AE4A2B498E2D00599FB3 /* Sources */ = {
			isa = PBXSourcesBuildPhase;
			buildActionMask = 2147483647;
			files = (
				35B5AE4B2B498E2D00599FB3 /* FetchModel.swift in Sources */,
				355C79A92B4AEB560091CDBC /* BienvenidaView.swift in Sources */,
				35B5AE4C2B498E2D00599FB3 /* HomeView.swift in Sources */,
				35B5AE4D2B498E2D00599FB3 /* ViewModel.swift in Sources */,
				35B5AE4E2B498E2D00599FB3 /* LoginView.swift in Sources */,
				35B5AE4F2B498E2D00599FB3 /* TeamsView.swift in Sources */,
				35B5AE502B498E2D00599FB3 /* ProfileView.swift in Sources */,
				355C79AC2B4B25320091CDBC /* HistoryVsView.swift in Sources */,
				35B5AE512B498E2D00599FB3 /* ProyectoLPSModel.xcdatamodeld in Sources */,
				35B5AE522B498E2D00599FB3 /* MainView.swift in Sources */,
				35B5AE532B498E2D00599FB3 /* WinnerVsView.swift in Sources */,
				35B5AE542B498E2D00599FB3 /* ImagePicker.swift in Sources */,
				35B5AE552B498E2D00599FB3 /* RegisterView.swift in Sources */,
				35B5AE562B498E2D00599FB3 /* FilaPlayerVsView.swift in Sources */,
				35B5AE572B498E2D00599FB3 /* CoreDataManager.swift in Sources */,
				35B5AE582B498E2D00599FB3 /* VsView.swift in Sources */,
				35B5AE592B498E2D00599FB3 /* PlayersView.swift in Sources */,
				35B5AE5A2B498E2D00599FB3 /* StatsView.swift in Sources */,
				35B5AE6A2B49BF0B00599FB3 /* PlayerDetailView.swift in Sources */,
				35B5AE5B2B498E2D00599FB3 /* PlayersVsView.swift in Sources */,
				35B5AE5C2B498E2D00599FB3 /* FilaPlayerView.swift in Sources */,
				35B5AE5D2B498E2D00599FB3 /* EstadisticaView.swift in Sources */,
				35B5AE5E2B498E2D00599FB3 /* ProyectoLPSApp.swift in Sources */,
			);
			runOnlyForDeploymentPostprocessing = 0;
		};
/* End PBXSourcesBuildPhase section */

/* Begin XCBuildConfiguration section */
		355DCACF2B0BB0CF00C1BE54 /* Debug */ = {
			isa = XCBuildConfiguration;
			buildSettings = {
				ALWAYS_SEARCH_USER_PATHS = NO;
				CLANG_ANALYZER_NONNULL = YES;
				CLANG_ANALYZER_NUMBER_OBJECT_CONVERSION = YES_AGGRESSIVE;
				CLANG_CXX_LANGUAGE_STANDARD = "gnu++20";
				CLANG_ENABLE_MODULES = YES;
				CLANG_ENABLE_OBJC_ARC = YES;
				CLANG_ENABLE_OBJC_WEAK = YES;
				CLANG_WARN_BLOCK_CAPTURE_AUTORELEASING = YES;
				CLANG_WARN_BOOL_CONVERSION = YES;
				CLANG_WARN_COMMA = YES;
				CLANG_WARN_CONSTANT_CONVERSION = YES;
				CLANG_WARN_DEPRECATED_OBJC_IMPLEMENTATIONS = YES;
				CLANG_WARN_DIRECT_OBJC_ISA_USAGE = YES_ERROR;
				CLANG_WARN_DOCUMENTATION_COMMENTS = YES;
				CLANG_WARN_EMPTY_BODY = YES;
				CLANG_WARN_ENUM_CONVERSION = YES;
				CLANG_WARN_INFINITE_RECURSION = YES;
				CLANG_WARN_INT_CONVERSION = YES;
				CLANG_WARN_NON_LITERAL_NULL_CONVERSION = YES;
				CLANG_WARN_OBJC_IMPLICIT_RETAIN_SELF = YES;
				CLANG_WARN_OBJC_LITERAL_CONVERSION = YES;
				CLANG_WARN_OBJC_ROOT_CLASS = YES_ERROR;
				CLANG_WARN_QUOTED_INCLUDE_IN_FRAMEWORK_HEADER = YES;
				CLANG_WARN_RANGE_LOOP_ANALYSIS = YES;
				CLANG_WARN_STRICT_PROTOTYPES = YES;
				CLANG_WARN_SUSPICIOUS_MOVE = YES;
				CLANG_WARN_UNGUARDED_AVAILABILITY = YES_AGGRESSIVE;
				CLANG_WARN_UNREACHABLE_CODE = YES;
				CLANG_WARN__DUPLICATE_METHOD_MATCH = YES;
				COPY_PHASE_STRIP = NO;
				DEBUG_INFORMATION_FORMAT = dwarf;
				ENABLE_STRICT_OBJC_MSGSEND = YES;
				ENABLE_TESTABILITY = YES;
				GCC_C_LANGUAGE_STANDARD = gnu11;
				GCC_DYNAMIC_NO_PIC = NO;
				GCC_NO_COMMON_BLOCKS = YES;
				GCC_OPTIMIZATION_LEVEL = 0;
				GCC_PREPROCESSOR_DEFINITIONS = (
					"DEBUG=1",
					"$(inherited)",
				);
				GCC_WARN_64_TO_32_BIT_CONVERSION = YES;
				GCC_WARN_ABOUT_RETURN_TYPE = YES_ERROR;
				GCC_WARN_UNDECLARED_SELECTOR = YES;
				GCC_WARN_UNINITIALIZED_AUTOS = YES_AGGRESSIVE;
				GCC_WARN_UNUSED_FUNCTION = YES;
				GCC_WARN_UNUSED_VARIABLE = YES;
				IPHONEOS_DEPLOYMENT_TARGET = 16.4;
				MTL_ENABLE_DEBUG_INFO = INCLUDE_SOURCE;
				MTL_FAST_MATH = YES;
				ONLY_ACTIVE_ARCH = YES;
				SDKROOT = iphoneos;
				SWIFT_ACTIVE_COMPILATION_CONDITIONS = DEBUG;
				"SWIFT_ACTIVE_COMPILATION_CONDITIONS[arch=*]" = "";
				SWIFT_OPTIMIZATION_LEVEL = "-Onone";
			};
			name = Debug;
		};
		355DCAD02B0BB0CF00C1BE54 /* Release */ = {
			isa = XCBuildConfiguration;
			buildSettings = {
				ALWAYS_SEARCH_USER_PATHS = NO;
				CLANG_ANALYZER_NONNULL = YES;
				CLANG_ANALYZER_NUMBER_OBJECT_CONVERSION = YES_AGGRESSIVE;
				CLANG_CXX_LANGUAGE_STANDARD = "gnu++20";
				CLANG_ENABLE_MODULES = YES;
				CLANG_ENABLE_OBJC_ARC = YES;
				CLANG_ENABLE_OBJC_WEAK = YES;
				CLANG_WARN_BLOCK_CAPTURE_AUTORELEASING = YES;
				CLANG_WARN_BOOL_CONVERSION = YES;
				CLANG_WARN_COMMA = YES;
				CLANG_WARN_CONSTANT_CONVERSION = YES;
				CLANG_WARN_DEPRECATED_OBJC_IMPLEMENTATIONS = YES;
				CLANG_WARN_DIRECT_OBJC_ISA_USAGE = YES_ERROR;
				CLANG_WARN_DOCUMENTATION_COMMENTS = YES;
				CLANG_WARN_EMPTY_BODY = YES;
				CLANG_WARN_ENUM_CONVERSION = YES;
				CLANG_WARN_INFINITE_RECURSION = YES;
				CLANG_WARN_INT_CONVERSION = YES;
				CLANG_WARN_NON_LITERAL_NULL_CONVERSION = YES;
				CLANG_WARN_OBJC_IMPLICIT_RETAIN_SELF = YES;
				CLANG_WARN_OBJC_LITERAL_CONVERSION = YES;
				CLANG_WARN_OBJC_ROOT_CLASS = YES_ERROR;
				CLANG_WARN_QUOTED_INCLUDE_IN_FRAMEWORK_HEADER = YES;
				CLANG_WARN_RANGE_LOOP_ANALYSIS = YES;
				CLANG_WARN_STRICT_PROTOTYPES = YES;
				CLANG_WARN_SUSPICIOUS_MOVE = YES;
				CLANG_WARN_UNGUARDED_AVAILABILITY = YES_AGGRESSIVE;
				CLANG_WARN_UNREACHABLE_CODE = YES;
				CLANG_WARN__DUPLICATE_METHOD_MATCH = YES;
				COPY_PHASE_STRIP = NO;
				DEBUG_INFORMATION_FORMAT = "dwarf-with-dsym";
				ENABLE_NS_ASSERTIONS = NO;
				ENABLE_STRICT_OBJC_MSGSEND = YES;
				GCC_C_LANGUAGE_STANDARD = gnu11;
				GCC_NO_COMMON_BLOCKS = YES;
				GCC_WARN_64_TO_32_BIT_CONVERSION = YES;
				GCC_WARN_ABOUT_RETURN_TYPE = YES_ERROR;
				GCC_WARN_UNDECLARED_SELECTOR = YES;
				GCC_WARN_UNINITIALIZED_AUTOS = YES_AGGRESSIVE;
				GCC_WARN_UNUSED_FUNCTION = YES;
				GCC_WARN_UNUSED_VARIABLE = YES;
				IPHONEOS_DEPLOYMENT_TARGET = 16.4;
				MTL_ENABLE_DEBUG_INFO = NO;
				MTL_FAST_MATH = YES;
				SDKROOT = iphoneos;
				SWIFT_COMPILATION_MODE = wholemodule;
				SWIFT_OPTIMIZATION_LEVEL = "-O";
				VALIDATE_PRODUCT = YES;
			};
			name = Release;
		};
		355DCAD22B0BB0CF00C1BE54 /* Debug */ = {
			isa = XCBuildConfiguration;
			buildSettings = {
				ASSETCATALOG_COMPILER_APPICON_NAME = AppIcon;
				ASSETCATALOG_COMPILER_GLOBAL_ACCENT_COLOR_NAME = AccentColor;
				CODE_SIGN_STYLE = Automatic;
				CURRENT_PROJECT_VERSION = 1;
				DEVELOPMENT_ASSET_PATHS = "\"ProyectoLPS/Preview Content\"";
				ENABLE_PREVIEWS = YES;
				GENERATE_INFOPLIST_FILE = YES;
				INFOPLIST_KEY_UIApplicationSceneManifest_Generation = YES;
				INFOPLIST_KEY_UIApplicationSupportsIndirectInputEvents = YES;
				INFOPLIST_KEY_UILaunchScreen_Generation = YES;
				INFOPLIST_KEY_UISupportedInterfaceOrientations_iPad = "UIInterfaceOrientationPortrait UIInterfaceOrientationPortraitUpsideDown UIInterfaceOrientationLandscapeLeft UIInterfaceOrientationLandscapeRight";
				INFOPLIST_KEY_UISupportedInterfaceOrientations_iPhone = "UIInterfaceOrientationPortrait UIInterfaceOrientationLandscapeLeft UIInterfaceOrientationLandscapeRight";
				LD_RUNPATH_SEARCH_PATHS = (
					"$(inherited)",
					"@executable_path/Frameworks",
				);
				MARKETING_VERSION = 1.0;
				PRODUCT_BUNDLE_IDENTIFIER = ual.ProyectoLPS;
				PRODUCT_NAME = "$(TARGET_NAME)";
				"SWIFT_ACTIVE_COMPILATION_CONDITIONS[arch=*]" = LPS1;
				SWIFT_EMIT_LOC_STRINGS = YES;
				SWIFT_VERSION = 5.0;
				TARGETED_DEVICE_FAMILY = "1,2";
			};
			name = Debug;
		};
		355DCAD32B0BB0CF00C1BE54 /* Release */ = {
			isa = XCBuildConfiguration;
			buildSettings = {
				ASSETCATALOG_COMPILER_APPICON_NAME = AppIcon;
				ASSETCATALOG_COMPILER_GLOBAL_ACCENT_COLOR_NAME = AccentColor;
				CODE_SIGN_STYLE = Automatic;
				CURRENT_PROJECT_VERSION = 1;
				DEVELOPMENT_ASSET_PATHS = "\"ProyectoLPS/Preview Content\"";
				ENABLE_PREVIEWS = YES;
				GENERATE_INFOPLIST_FILE = YES;
				INFOPLIST_KEY_UIApplicationSceneManifest_Generation = YES;
				INFOPLIST_KEY_UIApplicationSupportsIndirectInputEvents = YES;
				INFOPLIST_KEY_UILaunchScreen_Generation = YES;
				INFOPLIST_KEY_UISupportedInterfaceOrientations_iPad = "UIInterfaceOrientationPortrait UIInterfaceOrientationPortraitUpsideDown UIInterfaceOrientationLandscapeLeft UIInterfaceOrientationLandscapeRight";
				INFOPLIST_KEY_UISupportedInterfaceOrientations_iPhone = "UIInterfaceOrientationPortrait UIInterfaceOrientationLandscapeLeft UIInterfaceOrientationLandscapeRight";
				LD_RUNPATH_SEARCH_PATHS = (
					"$(inherited)",
					"@executable_path/Frameworks",
				);
				MARKETING_VERSION = 1.0;
				PRODUCT_BUNDLE_IDENTIFIER = ual.ProyectoLPS;
				PRODUCT_NAME = "$(TARGET_NAME)";
				"SWIFT_ACTIVE_COMPILATION_CONDITIONS[arch=*]" = LPS1;
				SWIFT_EMIT_LOC_STRINGS = YES;
				SWIFT_VERSION = 5.0;
				TARGETED_DEVICE_FAMILY = "1,2";
			};
			name = Release;
		};
		35B5AE652B498E2D00599FB3 /* Debug */ = {
			isa = XCBuildConfiguration;
			buildSettings = {
				ASSETCATALOG_COMPILER_APPICON_NAME = AppIcon;
				ASSETCATALOG_COMPILER_GLOBAL_ACCENT_COLOR_NAME = AccentColor;
				CODE_SIGN_STYLE = Automatic;
				CURRENT_PROJECT_VERSION = 1;
				DEVELOPMENT_ASSET_PATHS = "\"ProyectoLPS/Preview Content\"";
				ENABLE_PREVIEWS = YES;
				GENERATE_INFOPLIST_FILE = YES;
				INFOPLIST_KEY_UIApplicationSceneManifest_Generation = YES;
				INFOPLIST_KEY_UIApplicationSupportsIndirectInputEvents = YES;
				INFOPLIST_KEY_UILaunchScreen_Generation = YES;
				INFOPLIST_KEY_UISupportedInterfaceOrientations_iPad = "UIInterfaceOrientationPortrait UIInterfaceOrientationPortraitUpsideDown UIInterfaceOrientationLandscapeLeft UIInterfaceOrientationLandscapeRight";
				INFOPLIST_KEY_UISupportedInterfaceOrientations_iPhone = "UIInterfaceOrientationPortrait UIInterfaceOrientationLandscapeLeft UIInterfaceOrientationLandscapeRight";
				LD_RUNPATH_SEARCH_PATHS = (
					"$(inherited)",
					"@executable_path/Frameworks",
				);
				MARKETING_VERSION = 1.0;
				PRODUCT_BUNDLE_IDENTIFIER = ual.ProyectoLPS;
				PRODUCT_NAME = "$(TARGET_NAME)";
				"SWIFT_ACTIVE_COMPILATION_CONDITIONS[arch=*]" = LPS2;
				SWIFT_EMIT_LOC_STRINGS = YES;
				SWIFT_VERSION = 5.0;
				TARGETED_DEVICE_FAMILY = "1,2";
			};
			name = Debug;
		};
		35B5AE662B498E2D00599FB3 /* Release */ = {
			isa = XCBuildConfiguration;
			buildSettings = {
				ASSETCATALOG_COMPILER_APPICON_NAME = AppIcon;
				ASSETCATALOG_COMPILER_GLOBAL_ACCENT_COLOR_NAME = AccentColor;
				CODE_SIGN_STYLE = Automatic;
				CURRENT_PROJECT_VERSION = 1;
				DEVELOPMENT_ASSET_PATHS = "\"ProyectoLPS/Preview Content\"";
				ENABLE_PREVIEWS = YES;
				GENERATE_INFOPLIST_FILE = YES;
				INFOPLIST_KEY_UIApplicationSceneManifest_Generation = YES;
				INFOPLIST_KEY_UIApplicationSupportsIndirectInputEvents = YES;
				INFOPLIST_KEY_UILaunchScreen_Generation = YES;
				INFOPLIST_KEY_UISupportedInterfaceOrientations_iPad = "UIInterfaceOrientationPortrait UIInterfaceOrientationPortraitUpsideDown UIInterfaceOrientationLandscapeLeft UIInterfaceOrientationLandscapeRight";
				INFOPLIST_KEY_UISupportedInterfaceOrientations_iPhone = "UIInterfaceOrientationPortrait UIInterfaceOrientationLandscapeLeft UIInterfaceOrientationLandscapeRight";
				LD_RUNPATH_SEARCH_PATHS = (
					"$(inherited)",
					"@executable_path/Frameworks",
				);
				MARKETING_VERSION = 1.0;
				PRODUCT_BUNDLE_IDENTIFIER = ual.ProyectoLPS;
				PRODUCT_NAME = "$(TARGET_NAME)";
				"SWIFT_ACTIVE_COMPILATION_CONDITIONS[arch=*]" = LPS2;
				SWIFT_EMIT_LOC_STRINGS = YES;
				SWIFT_VERSION = 5.0;
				TARGETED_DEVICE_FAMILY = "1,2";
			};
			name = Release;
		};
/* End XCBuildConfiguration section */

/* Begin XCConfigurationList section */
		355DCABE2B0BB0C700C1BE54 /* Build configuration list for PBXProject "ProyectoLPS" */ = {
			isa = XCConfigurationList;
			buildConfigurations = (
				355DCACF2B0BB0CF00C1BE54 /* Debug */,
				355DCAD02B0BB0CF00C1BE54 /* Release */,
			);
			defaultConfigurationIsVisible = 0;
			defaultConfigurationName = Release;
		};
		355DCAD12B0BB0CF00C1BE54 /* Build configuration list for PBXNativeTarget "LPS1" */ = {
			isa = XCConfigurationList;
			buildConfigurations = (
				355DCAD22B0BB0CF00C1BE54 /* Debug */,
				355DCAD32B0BB0CF00C1BE54 /* Release */,
			);
			defaultConfigurationIsVisible = 0;
			defaultConfigurationName = Release;
		};
		35B5AE642B498E2D00599FB3 /* Build configuration list for PBXNativeTarget "LPS2" */ = {
			isa = XCConfigurationList;
			buildConfigurations = (
				35B5AE652B498E2D00599FB3 /* Debug */,
				35B5AE662B498E2D00599FB3 /* Release */,
			);
			defaultConfigurationIsVisible = 0;
			defaultConfigurationName = Release;
		};
/* End XCConfigurationList section */

/* Begin XCVersionGroup section */
		355DCAD52B0BB11400C1BE54 /* ProyectoLPSModel.xcdatamodeld */ = {
			isa = XCVersionGroup;
			children = (
				355DCAD62B0BB11400C1BE54 /* ProyectoLPSModel.xcdatamodel */,
			);
			currentVersion = 355DCAD62B0BB11400C1BE54 /* ProyectoLPSModel.xcdatamodel */;
			path = ProyectoLPSModel.xcdatamodeld;
			sourceTree = "<group>";
			versionGroupType = wrapper.xcdatamodel;
		};
/* End XCVersionGroup section */
	};
	rootObject = 355DCABB2B0BB0C700C1BE54 /* Project object */;
}
